// !$*UTF8*$!
{
	archiveVersion = 1;
	classes = {
	};
	objectVersion = 50;
	objects = {

/* Begin PBXBuildFile section */
		191866CF20F41AF600FBBA6B /* AppDelegate.m in Sources */ = {isa = PBXBuildFile; fileRef = 191866CE20F41AF600FBBA6B /* AppDelegate.m */; };
		191866D520F41AF600FBBA6B /* Main.storyboard in Resources */ = {isa = PBXBuildFile; fileRef = 191866D320F41AF600FBBA6B /* Main.storyboard */; };
		191866D720F41AF700FBBA6B /* Assets.xcassets in Resources */ = {isa = PBXBuildFile; fileRef = 191866D620F41AF700FBBA6B /* Assets.xcassets */; };
		191866DA20F41AF700FBBA6B /* LaunchScreen.storyboard in Resources */ = {isa = PBXBuildFile; fileRef = 191866D820F41AF700FBBA6B /* LaunchScreen.storyboard */; };
		191866DD20F41AF700FBBA6B /* main.m in Sources */ = {isa = PBXBuildFile; fileRef = 191866DC20F41AF700FBBA6B /* main.m */; };
		191866E720F41AF700FBBA6B /* ajaita_instagram_appTests.m in Sources */ = {isa = PBXBuildFile; fileRef = 191866E620F41AF700FBBA6B /* ajaita_instagram_appTests.m */; };
		191866F220F41AF700FBBA6B /* ajaita_instagram_appUITests.m in Sources */ = {isa = PBXBuildFile; fileRef = 191866F120F41AF700FBBA6B /* ajaita_instagram_appUITests.m */; };
		1918670220F426C100FBBA6B /* LoginViewController.m in Sources */ = {isa = PBXBuildFile; fileRef = 1918670120F426C100FBBA6B /* LoginViewController.m */; };
		1918670520F4331C00FBBA6B /* HomeViewController.m in Sources */ = {isa = PBXBuildFile; fileRef = 1918670420F4331C00FBBA6B /* HomeViewController.m */; };
		1918670B20F5352E00FBBA6B /* ComposeViewController.m in Sources */ = {isa = PBXBuildFile; fileRef = 1918670A20F5352E00FBBA6B /* ComposeViewController.m */; };
		1918670F20F5579000FBBA6B /* Post.m in Sources */ = {isa = PBXBuildFile; fileRef = 1918670E20F5579000FBBA6B /* Post.m */; };
		1918671320F5711C00FBBA6B /* PostTableViewCell.m in Sources */ = {isa = PBXBuildFile; fileRef = 1918671220F5711C00FBBA6B /* PostTableViewCell.m */; };
		1918671620F5B1CD00FBBA6B /* DetailsViewController.m in Sources */ = {isa = PBXBuildFile; fileRef = 1918671520F5B1CD00FBBA6B /* DetailsViewController.m */; };
		1918672120F8160C00FBBA6B /* ProfileViewController.m in Sources */ = {isa = PBXBuildFile; fileRef = 1918672020F8160C00FBBA6B /* ProfileViewController.m */; };
		1918672420F81F7E00FBBA6B /* PostCollectionViewCell.m in Sources */ = {isa = PBXBuildFile; fileRef = 1918672320F81F7E00FBBA6B /* PostCollectionViewCell.m */; };
		7ECFCF0DFD13B45980EA58AA /* libPods-ajaita-instagram-app.a in Frameworks */ = {isa = PBXBuildFile; fileRef = 2E74A8B737CA2444FB8CCB4F /* libPods-ajaita-instagram-app.a */; };
		89DDDD6949110C273E338A6C /* libPods-ajaita-instagram-appUITests.a in Frameworks */ = {isa = PBXBuildFile; fileRef = FEB7185360E18E8CB131DBB4 /* libPods-ajaita-instagram-appUITests.a */; };
		C3B944DFE5EFFEFE9F060EC7 /* libPods-ajaita-instagram-appTests.a in Frameworks */ = {isa = PBXBuildFile; fileRef = 2FB645A43DBF075071791BDA /* libPods-ajaita-instagram-appTests.a */; };
/* End PBXBuildFile section */

/* Begin PBXContainerItemProxy section */
		191866E320F41AF700FBBA6B /* PBXContainerItemProxy */ = {
			isa = PBXContainerItemProxy;
			containerPortal = 191866C220F41AF600FBBA6B /* Project object */;
			proxyType = 1;
			remoteGlobalIDString = 191866C920F41AF600FBBA6B;
			remoteInfo = "ajaita-instagram-app";
		};
		191866EE20F41AF700FBBA6B /* PBXContainerItemProxy */ = {
			isa = PBXContainerItemProxy;
			containerPortal = 191866C220F41AF600FBBA6B /* Project object */;
			proxyType = 1;
			remoteGlobalIDString = 191866C920F41AF600FBBA6B;
			remoteInfo = "ajaita-instagram-app";
		};
/* End PBXContainerItemProxy section */

/* Begin PBXFileReference section */
		191866CA20F41AF600FBBA6B /* ajaita-instagram-app.app */ = {isa = PBXFileReference; explicitFileType = wrapper.application; includeInIndex = 0; path = "ajaita-instagram-app.app"; sourceTree = BUILT_PRODUCTS_DIR; };
		191866CD20F41AF600FBBA6B /* AppDelegate.h */ = {isa = PBXFileReference; lastKnownFileType = sourcecode.c.h; path = AppDelegate.h; sourceTree = "<group>"; };
		191866CE20F41AF600FBBA6B /* AppDelegate.m */ = {isa = PBXFileReference; lastKnownFileType = sourcecode.c.objc; path = AppDelegate.m; sourceTree = "<group>"; };
		191866D420F41AF600FBBA6B /* Base */ = {isa = PBXFileReference; lastKnownFileType = file.storyboard; name = Base; path = Base.lproj/Main.storyboard; sourceTree = "<group>"; };
		191866D620F41AF700FBBA6B /* Assets.xcassets */ = {isa = PBXFileReference; lastKnownFileType = folder.assetcatalog; path = Assets.xcassets; sourceTree = "<group>"; };
		191866D920F41AF700FBBA6B /* Base */ = {isa = PBXFileReference; lastKnownFileType = file.storyboard; name = Base; path = Base.lproj/LaunchScreen.storyboard; sourceTree = "<group>"; };
		191866DB20F41AF700FBBA6B /* Info.plist */ = {isa = PBXFileReference; lastKnownFileType = text.plist.xml; path = Info.plist; sourceTree = "<group>"; };
		191866DC20F41AF700FBBA6B /* main.m */ = {isa = PBXFileReference; lastKnownFileType = sourcecode.c.objc; path = main.m; sourceTree = "<group>"; };
		191866E220F41AF700FBBA6B /* ajaita-instagram-appTests.xctest */ = {isa = PBXFileReference; explicitFileType = wrapper.cfbundle; includeInIndex = 0; path = "ajaita-instagram-appTests.xctest"; sourceTree = BUILT_PRODUCTS_DIR; };
		191866E620F41AF700FBBA6B /* ajaita_instagram_appTests.m */ = {isa = PBXFileReference; lastKnownFileType = sourcecode.c.objc; path = ajaita_instagram_appTests.m; sourceTree = "<group>"; };
		191866E820F41AF700FBBA6B /* Info.plist */ = {isa = PBXFileReference; lastKnownFileType = text.plist.xml; path = Info.plist; sourceTree = "<group>"; };
		191866ED20F41AF700FBBA6B /* ajaita-instagram-appUITests.xctest */ = {isa = PBXFileReference; explicitFileType = wrapper.cfbundle; includeInIndex = 0; path = "ajaita-instagram-appUITests.xctest"; sourceTree = BUILT_PRODUCTS_DIR; };
		191866F120F41AF700FBBA6B /* ajaita_instagram_appUITests.m */ = {isa = PBXFileReference; lastKnownFileType = sourcecode.c.objc; path = ajaita_instagram_appUITests.m; sourceTree = "<group>"; };
		191866F320F41AF700FBBA6B /* Info.plist */ = {isa = PBXFileReference; lastKnownFileType = text.plist.xml; path = Info.plist; sourceTree = "<group>"; };
		1918670020F426C100FBBA6B /* LoginViewController.h */ = {isa = PBXFileReference; lastKnownFileType = sourcecode.c.h; path = LoginViewController.h; sourceTree = "<group>"; };
		1918670120F426C100FBBA6B /* LoginViewController.m */ = {isa = PBXFileReference; lastKnownFileType = sourcecode.c.objc; path = LoginViewController.m; sourceTree = "<group>"; };
		1918670320F4331C00FBBA6B /* HomeViewController.h */ = {isa = PBXFileReference; lastKnownFileType = sourcecode.c.h; path = HomeViewController.h; sourceTree = "<group>"; };
		1918670420F4331C00FBBA6B /* HomeViewController.m */ = {isa = PBXFileReference; lastKnownFileType = sourcecode.c.objc; path = HomeViewController.m; sourceTree = "<group>"; };
		1918670920F5352E00FBBA6B /* ComposeViewController.h */ = {isa = PBXFileReference; lastKnownFileType = sourcecode.c.h; path = ComposeViewController.h; sourceTree = "<group>"; };
		1918670A20F5352E00FBBA6B /* ComposeViewController.m */ = {isa = PBXFileReference; lastKnownFileType = sourcecode.c.objc; path = ComposeViewController.m; sourceTree = "<group>"; };
		1918670D20F5579000FBBA6B /* Post.h */ = {isa = PBXFileReference; lastKnownFileType = sourcecode.c.h; path = Post.h; sourceTree = "<group>"; };
		1918670E20F5579000FBBA6B /* Post.m */ = {isa = PBXFileReference; lastKnownFileType = sourcecode.c.objc; path = Post.m; sourceTree = "<group>"; };
		1918671120F5711C00FBBA6B /* PostTableViewCell.h */ = {isa = PBXFileReference; lastKnownFileType = sourcecode.c.h; path = PostTableViewCell.h; sourceTree = "<group>"; };
		1918671220F5711C00FBBA6B /* PostTableViewCell.m */ = {isa = PBXFileReference; lastKnownFileType = sourcecode.c.objc; path = PostTableViewCell.m; sourceTree = "<group>"; };
		1918671420F5B1CD00FBBA6B /* DetailsViewController.h */ = {isa = PBXFileReference; lastKnownFileType = sourcecode.c.h; path = DetailsViewController.h; sourceTree = "<group>"; };
		1918671520F5B1CD00FBBA6B /* DetailsViewController.m */ = {isa = PBXFileReference; lastKnownFileType = sourcecode.c.objc; path = DetailsViewController.m; sourceTree = "<group>"; };
		1918671F20F8160C00FBBA6B /* ProfileViewController.h */ = {isa = PBXFileReference; lastKnownFileType = sourcecode.c.h; path = ProfileViewController.h; sourceTree = "<group>"; };
		1918672020F8160C00FBBA6B /* ProfileViewController.m */ = {isa = PBXFileReference; lastKnownFileType = sourcecode.c.objc; path = ProfileViewController.m; sourceTree = "<group>"; };
		1918672220F81F7E00FBBA6B /* PostCollectionViewCell.h */ = {isa = PBXFileReference; lastKnownFileType = sourcecode.c.h; path = PostCollectionViewCell.h; sourceTree = "<group>"; };
		1918672320F81F7E00FBBA6B /* PostCollectionViewCell.m */ = {isa = PBXFileReference; lastKnownFileType = sourcecode.c.objc; path = PostCollectionViewCell.m; sourceTree = "<group>"; };
		2E74A8B737CA2444FB8CCB4F /* libPods-ajaita-instagram-app.a */ = {isa = PBXFileReference; explicitFileType = archive.ar; includeInIndex = 0; path = "libPods-ajaita-instagram-app.a"; sourceTree = BUILT_PRODUCTS_DIR; };
		2FB645A43DBF075071791BDA /* libPods-ajaita-instagram-appTests.a */ = {isa = PBXFileReference; explicitFileType = archive.ar; includeInIndex = 0; path = "libPods-ajaita-instagram-appTests.a"; sourceTree = BUILT_PRODUCTS_DIR; };
		546F9271A1BBD780108983E7 /* Pods-ajaita-instagram-appTests.release.xcconfig */ = {isa = PBXFileReference; includeInIndex = 1; lastKnownFileType = text.xcconfig; name = "Pods-ajaita-instagram-appTests.release.xcconfig"; path = "Pods/Target Support Files/Pods-ajaita-instagram-appTests/Pods-ajaita-instagram-appTests.release.xcconfig"; sourceTree = "<group>"; };
		8E60C011FE605D5832633F0F /* Pods-ajaita-instagram-appUITests.debug.xcconfig */ = {isa = PBXFileReference; includeInIndex = 1; lastKnownFileType = text.xcconfig; name = "Pods-ajaita-instagram-appUITests.debug.xcconfig"; path = "Pods/Target Support Files/Pods-ajaita-instagram-appUITests/Pods-ajaita-instagram-appUITests.debug.xcconfig"; sourceTree = "<group>"; };
		AE3E2946E67B071CA9D46041 /* Pods-ajaita-instagram-app.debug.xcconfig */ = {isa = PBXFileReference; includeInIndex = 1; lastKnownFileType = text.xcconfig; name = "Pods-ajaita-instagram-app.debug.xcconfig"; path = "Pods/Target Support Files/Pods-ajaita-instagram-app/Pods-ajaita-instagram-app.debug.xcconfig"; sourceTree = "<group>"; };
		C63B69A6E1BADE5EF8F69E0C /* Pods-ajaita-instagram-appTests.debug.xcconfig */ = {isa = PBXFileReference; includeInIndex = 1; lastKnownFileType = text.xcconfig; name = "Pods-ajaita-instagram-appTests.debug.xcconfig"; path = "Pods/Target Support Files/Pods-ajaita-instagram-appTests/Pods-ajaita-instagram-appTests.debug.xcconfig"; sourceTree = "<group>"; };
		EDF682622C9922542E1D3FB8 /* Pods-ajaita-instagram-app.release.xcconfig */ = {isa = PBXFileReference; includeInIndex = 1; lastKnownFileType = text.xcconfig; name = "Pods-ajaita-instagram-app.release.xcconfig"; path = "Pods/Target Support Files/Pods-ajaita-instagram-app/Pods-ajaita-instagram-app.release.xcconfig"; sourceTree = "<group>"; };
		FD123E3323E6A61555D797F7 /* Pods-ajaita-instagram-appUITests.release.xcconfig */ = {isa = PBXFileReference; includeInIndex = 1; lastKnownFileType = text.xcconfig; name = "Pods-ajaita-instagram-appUITests.release.xcconfig"; path = "Pods/Target Support Files/Pods-ajaita-instagram-appUITests/Pods-ajaita-instagram-appUITests.release.xcconfig"; sourceTree = "<group>"; };
		FEB7185360E18E8CB131DBB4 /* libPods-ajaita-instagram-appUITests.a */ = {isa = PBXFileReference; explicitFileType = archive.ar; includeInIndex = 0; path = "libPods-ajaita-instagram-appUITests.a"; sourceTree = BUILT_PRODUCTS_DIR; };
/* End PBXFileReference section */

/* Begin PBXFrameworksBuildPhase section */
		191866C720F41AF600FBBA6B /* Frameworks */ = {
			isa = PBXFrameworksBuildPhase;
			buildActionMask = 2147483647;
			files = (
				7ECFCF0DFD13B45980EA58AA /* libPods-ajaita-instagram-app.a in Frameworks */,
			);
			runOnlyForDeploymentPostprocessing = 0;
		};
		191866DF20F41AF700FBBA6B /* Frameworks */ = {
			isa = PBXFrameworksBuildPhase;
			buildActionMask = 2147483647;
			files = (
				C3B944DFE5EFFEFE9F060EC7 /* libPods-ajaita-instagram-appTests.a in Frameworks */,
			);
			runOnlyForDeploymentPostprocessing = 0;
		};
		191866EA20F41AF700FBBA6B /* Frameworks */ = {
			isa = PBXFrameworksBuildPhase;
			buildActionMask = 2147483647;
			files = (
				89DDDD6949110C273E338A6C /* libPods-ajaita-instagram-appUITests.a in Frameworks */,
			);
			runOnlyForDeploymentPostprocessing = 0;
		};
/* End PBXFrameworksBuildPhase section */

/* Begin PBXGroup section */
		191866C120F41AF600FBBA6B = {
			isa = PBXGroup;
			children = (
				191866CC20F41AF600FBBA6B /* ajaita-instagram-app */,
				191866E520F41AF700FBBA6B /* ajaita-instagram-appTests */,
				191866F020F41AF700FBBA6B /* ajaita-instagram-appUITests */,
				191866CB20F41AF600FBBA6B /* Products */,
				887A50747B5621EB6F723A7F /* Pods */,
				4715288F0825BADD2F84765B /* Frameworks */,
			);
			sourceTree = "<group>";
		};
		191866CB20F41AF600FBBA6B /* Products */ = {
			isa = PBXGroup;
			children = (
				191866CA20F41AF600FBBA6B /* ajaita-instagram-app.app */,
				191866E220F41AF700FBBA6B /* ajaita-instagram-appTests.xctest */,
				191866ED20F41AF700FBBA6B /* ajaita-instagram-appUITests.xctest */,
			);
			name = Products;
			sourceTree = "<group>";
		};
		191866CC20F41AF600FBBA6B /* ajaita-instagram-app */ = {
			isa = PBXGroup;
			children = (
				1918671020F5710400FBBA6B /* Views */,
				1918670C20F5574100FBBA6B /* Models */,
				191866FF20F4266600FBBA6B /* View Controllers */,
				191866CD20F41AF600FBBA6B /* AppDelegate.h */,
				191866CE20F41AF600FBBA6B /* AppDelegate.m */,
				191866D320F41AF600FBBA6B /* Main.storyboard */,
				191866D620F41AF700FBBA6B /* Assets.xcassets */,
				191866D820F41AF700FBBA6B /* LaunchScreen.storyboard */,
				191866DB20F41AF700FBBA6B /* Info.plist */,
				191866DC20F41AF700FBBA6B /* main.m */,
			);
			path = "ajaita-instagram-app";
			sourceTree = "<group>";
		};
		191866E520F41AF700FBBA6B /* ajaita-instagram-appTests */ = {
			isa = PBXGroup;
			children = (
				191866E620F41AF700FBBA6B /* ajaita_instagram_appTests.m */,
				191866E820F41AF700FBBA6B /* Info.plist */,
			);
			path = "ajaita-instagram-appTests";
			sourceTree = "<group>";
		};
		191866F020F41AF700FBBA6B /* ajaita-instagram-appUITests */ = {
			isa = PBXGroup;
			children = (
				191866F120F41AF700FBBA6B /* ajaita_instagram_appUITests.m */,
				191866F320F41AF700FBBA6B /* Info.plist */,
			);
			path = "ajaita-instagram-appUITests";
			sourceTree = "<group>";
		};
		191866FF20F4266600FBBA6B /* View Controllers */ = {
			isa = PBXGroup;
			children = (
				1918670020F426C100FBBA6B /* LoginViewController.h */,
				1918670120F426C100FBBA6B /* LoginViewController.m */,
				1918670320F4331C00FBBA6B /* HomeViewController.h */,
				1918670420F4331C00FBBA6B /* HomeViewController.m */,
				1918670920F5352E00FBBA6B /* ComposeViewController.h */,
				1918670A20F5352E00FBBA6B /* ComposeViewController.m */,
				1918671420F5B1CD00FBBA6B /* DetailsViewController.h */,
				1918671520F5B1CD00FBBA6B /* DetailsViewController.m */,
				1918671F20F8160C00FBBA6B /* ProfileViewController.h */,
				1918672020F8160C00FBBA6B /* ProfileViewController.m */,
			);
			path = "View Controllers";
			sourceTree = "<group>";
		};
		1918670C20F5574100FBBA6B /* Models */ = {
			isa = PBXGroup;
			children = (
				1918670D20F5579000FBBA6B /* Post.h */,
				1918670E20F5579000FBBA6B /* Post.m */,
			);
			path = Models;
			sourceTree = "<group>";
		};
		1918671020F5710400FBBA6B /* Views */ = {
			isa = PBXGroup;
			children = (
				1918671120F5711C00FBBA6B /* PostTableViewCell.h */,
				1918671220F5711C00FBBA6B /* PostTableViewCell.m */,
				1918672220F81F7E00FBBA6B /* PostCollectionViewCell.h */,
				1918672320F81F7E00FBBA6B /* PostCollectionViewCell.m */,
			);
			path = Views;
			sourceTree = "<group>";
		};
		4715288F0825BADD2F84765B /* Frameworks */ = {
			isa = PBXGroup;
			children = (
				2E74A8B737CA2444FB8CCB4F /* libPods-ajaita-instagram-app.a */,
				2FB645A43DBF075071791BDA /* libPods-ajaita-instagram-appTests.a */,
				FEB7185360E18E8CB131DBB4 /* libPods-ajaita-instagram-appUITests.a */,
			);
			name = Frameworks;
			sourceTree = "<group>";
		};
		887A50747B5621EB6F723A7F /* Pods */ = {
			isa = PBXGroup;
			children = (
				AE3E2946E67B071CA9D46041 /* Pods-ajaita-instagram-app.debug.xcconfig */,
				EDF682622C9922542E1D3FB8 /* Pods-ajaita-instagram-app.release.xcconfig */,
				C63B69A6E1BADE5EF8F69E0C /* Pods-ajaita-instagram-appTests.debug.xcconfig */,
				546F9271A1BBD780108983E7 /* Pods-ajaita-instagram-appTests.release.xcconfig */,
				8E60C011FE605D5832633F0F /* Pods-ajaita-instagram-appUITests.debug.xcconfig */,
				FD123E3323E6A61555D797F7 /* Pods-ajaita-instagram-appUITests.release.xcconfig */,
			);
			name = Pods;
			sourceTree = "<group>";
		};
/* End PBXGroup section */

/* Begin PBXNativeTarget section */
		191866C920F41AF600FBBA6B /* ajaita-instagram-app */ = {
			isa = PBXNativeTarget;
			buildConfigurationList = 191866F620F41AF700FBBA6B /* Build configuration list for PBXNativeTarget "ajaita-instagram-app" */;
			buildPhases = (
				97DEECCB025C1350CEB8BA2F /* [CP] Check Pods Manifest.lock */,
				191866C620F41AF600FBBA6B /* Sources */,
				191866C720F41AF600FBBA6B /* Frameworks */,
				191866C820F41AF600FBBA6B /* Resources */,
				9189DC4D3999A60A5CF2ABB5 /* [CP] Copy Pods Resources */,
			);
			buildRules = (
			);
			dependencies = (
			);
			name = "ajaita-instagram-app";
			productName = "ajaita-instagram-app";
			productReference = 191866CA20F41AF600FBBA6B /* ajaita-instagram-app.app */;
			productType = "com.apple.product-type.application";
		};
		191866E120F41AF700FBBA6B /* ajaita-instagram-appTests */ = {
			isa = PBXNativeTarget;
			buildConfigurationList = 191866F920F41AF700FBBA6B /* Build configuration list for PBXNativeTarget "ajaita-instagram-appTests" */;
			buildPhases = (
				515CB95B013DD5B87B6795A2 /* [CP] Check Pods Manifest.lock */,
				191866DE20F41AF700FBBA6B /* Sources */,
				191866DF20F41AF700FBBA6B /* Frameworks */,
				191866E020F41AF700FBBA6B /* Resources */,
			);
			buildRules = (
			);
			dependencies = (
				191866E420F41AF700FBBA6B /* PBXTargetDependency */,
			);
			name = "ajaita-instagram-appTests";
			productName = "ajaita-instagram-appTests";
			productReference = 191866E220F41AF700FBBA6B /* ajaita-instagram-appTests.xctest */;
			productType = "com.apple.product-type.bundle.unit-test";
		};
		191866EC20F41AF700FBBA6B /* ajaita-instagram-appUITests */ = {
			isa = PBXNativeTarget;
			buildConfigurationList = 191866FC20F41AF700FBBA6B /* Build configuration list for PBXNativeTarget "ajaita-instagram-appUITests" */;
			buildPhases = (
				2192D16A47B372A60F85704D /* [CP] Check Pods Manifest.lock */,
				191866E920F41AF700FBBA6B /* Sources */,
				191866EA20F41AF700FBBA6B /* Frameworks */,
				191866EB20F41AF700FBBA6B /* Resources */,
			);
			buildRules = (
			);
			dependencies = (
				191866EF20F41AF700FBBA6B /* PBXTargetDependency */,
			);
			name = "ajaita-instagram-appUITests";
			productName = "ajaita-instagram-appUITests";
			productReference = 191866ED20F41AF700FBBA6B /* ajaita-instagram-appUITests.xctest */;
			productType = "com.apple.product-type.bundle.ui-testing";
		};
/* End PBXNativeTarget section */

/* Begin PBXProject section */
		191866C220F41AF600FBBA6B /* Project object */ = {
			isa = PBXProject;
			attributes = {
				LastUpgradeCheck = 0940;
				ORGANIZATIONNAME = "Ajaita Saini";
				TargetAttributes = {
					191866C920F41AF600FBBA6B = {
						CreatedOnToolsVersion = 9.4.1;
					};
					191866E120F41AF700FBBA6B = {
						CreatedOnToolsVersion = 9.4.1;
						TestTargetID = 191866C920F41AF600FBBA6B;
					};
					191866EC20F41AF700FBBA6B = {
						CreatedOnToolsVersion = 9.4.1;
						TestTargetID = 191866C920F41AF600FBBA6B;
					};
				};
			};
			buildConfigurationList = 191866C520F41AF600FBBA6B /* Build configuration list for PBXProject "ajaita-instagram-app" */;
			compatibilityVersion = "Xcode 9.3";
			developmentRegion = en;
			hasScannedForEncodings = 0;
			knownRegions = (
				en,
				Base,
			);
			mainGroup = 191866C120F41AF600FBBA6B;
			productRefGroup = 191866CB20F41AF600FBBA6B /* Products */;
			projectDirPath = "";
			projectRoot = "";
			targets = (
				191866C920F41AF600FBBA6B /* ajaita-instagram-app */,
				191866E120F41AF700FBBA6B /* ajaita-instagram-appTests */,
				191866EC20F41AF700FBBA6B /* ajaita-instagram-appUITests */,
			);
		};
/* End PBXProject section */

/* Begin PBXResourcesBuildPhase section */
		191866C820F41AF600FBBA6B /* Resources */ = {
			isa = PBXResourcesBuildPhase;
			buildActionMask = 2147483647;
			files = (
				191866DA20F41AF700FBBA6B /* LaunchScreen.storyboard in Resources */,
				191866D720F41AF700FBBA6B /* Assets.xcassets in Resources */,
				191866D520F41AF600FBBA6B /* Main.storyboard in Resources */,
			);
			runOnlyForDeploymentPostprocessing = 0;
		};
		191866E020F41AF700FBBA6B /* Resources */ = {
			isa = PBXResourcesBuildPhase;
			buildActionMask = 2147483647;
			files = (
			);
			runOnlyForDeploymentPostprocessing = 0;
		};
		191866EB20F41AF700FBBA6B /* Resources */ = {
			isa = PBXResourcesBuildPhase;
			buildActionMask = 2147483647;
			files = (
			);
			runOnlyForDeploymentPostprocessing = 0;
		};
/* End PBXResourcesBuildPhase section */

/* Begin PBXShellScriptBuildPhase section */
		2192D16A47B372A60F85704D /* [CP] Check Pods Manifest.lock */ = {
			isa = PBXShellScriptBuildPhase;
			buildActionMask = 2147483647;
			files = (
			);
			inputPaths = (
				"${PODS_PODFILE_DIR_PATH}/Podfile.lock",
				"${PODS_ROOT}/Manifest.lock",
			);
			name = "[CP] Check Pods Manifest.lock";
			outputPaths = (
				"$(DERIVED_FILE_DIR)/Pods-ajaita-instagram-appUITests-checkManifestLockResult.txt",
			);
			runOnlyForDeploymentPostprocessing = 0;
			shellPath = /bin/sh;
			shellScript = "diff \"${PODS_PODFILE_DIR_PATH}/Podfile.lock\" \"${PODS_ROOT}/Manifest.lock\" > /dev/null\nif [ $? != 0 ] ; then\n    # print error to STDERR\n    echo \"error: The sandbox is not in sync with the Podfile.lock. Run 'pod install' or update your CocoaPods installation.\" >&2\n    exit 1\nfi\n# This output is used by Xcode 'outputs' to avoid re-running this script phase.\necho \"SUCCESS\" > \"${SCRIPT_OUTPUT_FILE_0}\"\n";
			showEnvVarsInLog = 0;
		};
		515CB95B013DD5B87B6795A2 /* [CP] Check Pods Manifest.lock */ = {
			isa = PBXShellScriptBuildPhase;
			buildActionMask = 2147483647;
			files = (
			);
			inputPaths = (
				"${PODS_PODFILE_DIR_PATH}/Podfile.lock",
				"${PODS_ROOT}/Manifest.lock",
			);
			name = "[CP] Check Pods Manifest.lock";
			outputPaths = (
				"$(DERIVED_FILE_DIR)/Pods-ajaita-instagram-appTests-checkManifestLockResult.txt",
			);
			runOnlyForDeploymentPostprocessing = 0;
			shellPath = /bin/sh;
			shellScript = "diff \"${PODS_PODFILE_DIR_PATH}/Podfile.lock\" \"${PODS_ROOT}/Manifest.lock\" > /dev/null\nif [ $? != 0 ] ; then\n    # print error to STDERR\n    echo \"error: The sandbox is not in sync with the Podfile.lock. Run 'pod install' or update your CocoaPods installation.\" >&2\n    exit 1\nfi\n# This output is used by Xcode 'outputs' to avoid re-running this script phase.\necho \"SUCCESS\" > \"${SCRIPT_OUTPUT_FILE_0}\"\n";
			showEnvVarsInLog = 0;
		};
		9189DC4D3999A60A5CF2ABB5 /* [CP] Copy Pods Resources */ = {
			isa = PBXShellScriptBuildPhase;
			buildActionMask = 2147483647;
			files = (
			);
			inputPaths = (
				"${SRCROOT}/Pods/Target Support Files/Pods-ajaita-instagram-app/Pods-ajaita-instagram-app-resources.sh",
				"${PODS_CONFIGURATION_BUILD_DIR}/Parse/Parse.bundle",
				"${PODS_ROOT}/ParseUI/ParseUI/Resources/Localization/en.lproj",
				"${PODS_ROOT}/ParseUI/ParseUI/Resources/Localization/fr.lproj",
				"${PODS_ROOT}/ParseUI/ParseUI/Resources/Localization/pt-BR.lproj",
			);
			name = "[CP] Copy Pods Resources";
			outputPaths = (
				"${TARGET_BUILD_DIR}/${UNLOCALIZED_RESOURCES_FOLDER_PATH}/Parse.bundle",
				"${TARGET_BUILD_DIR}/${UNLOCALIZED_RESOURCES_FOLDER_PATH}/en.lproj",
				"${TARGET_BUILD_DIR}/${UNLOCALIZED_RESOURCES_FOLDER_PATH}/fr.lproj",
				"${TARGET_BUILD_DIR}/${UNLOCALIZED_RESOURCES_FOLDER_PATH}/pt-BR.lproj",
			);
			runOnlyForDeploymentPostprocessing = 0;
			shellPath = /bin/sh;
			shellScript = "\"${SRCROOT}/Pods/Target Support Files/Pods-ajaita-instagram-app/Pods-ajaita-instagram-app-resources.sh\"\n";
			showEnvVarsInLog = 0;
		};
		97DEECCB025C1350CEB8BA2F /* [CP] Check Pods Manifest.lock */ = {
			isa = PBXShellScriptBuildPhase;
			buildActionMask = 2147483647;
			files = (
			);
			inputPaths = (
				"${PODS_PODFILE_DIR_PATH}/Podfile.lock",
				"${PODS_ROOT}/Manifest.lock",
			);
			name = "[CP] Check Pods Manifest.lock";
			outputPaths = (
				"$(DERIVED_FILE_DIR)/Pods-ajaita-instagram-app-checkManifestLockResult.txt",
			);
			runOnlyForDeploymentPostprocessing = 0;
			shellPath = /bin/sh;
			shellScript = "diff \"${PODS_PODFILE_DIR_PATH}/Podfile.lock\" \"${PODS_ROOT}/Manifest.lock\" > /dev/null\nif [ $? != 0 ] ; then\n    # print error to STDERR\n    echo \"error: The sandbox is not in sync with the Podfile.lock. Run 'pod install' or update your CocoaPods installation.\" >&2\n    exit 1\nfi\n# This output is used by Xcode 'outputs' to avoid re-running this script phase.\necho \"SUCCESS\" > \"${SCRIPT_OUTPUT_FILE_0}\"\n";
			showEnvVarsInLog = 0;
		};
/* End PBXShellScriptBuildPhase section */

/* Begin PBXSourcesBuildPhase section */
		191866C620F41AF600FBBA6B /* Sources */ = {
			isa = PBXSourcesBuildPhase;
			buildActionMask = 2147483647;
			files = (
				191866DD20F41AF700FBBA6B /* main.m in Sources */,
				1918670F20F5579000FBBA6B /* Post.m in Sources */,
				1918672420F81F7E00FBBA6B /* PostCollectionViewCell.m in Sources */,
				191866CF20F41AF600FBBA6B /* AppDelegate.m in Sources */,
				1918671320F5711C00FBBA6B /* PostTableViewCell.m in Sources */,
				1918672120F8160C00FBBA6B /* ProfileViewController.m in Sources */,
				1918670220F426C100FBBA6B /* LoginViewController.m in Sources */,
				1918670B20F5352E00FBBA6B /* ComposeViewController.m in Sources */,
				1918670520F4331C00FBBA6B /* HomeViewController.m in Sources */,
				1918671620F5B1CD00FBBA6B /* DetailsViewController.m in Sources */,
			);
			runOnlyForDeploymentPostprocessing = 0;
		};
		191866DE20F41AF700FBBA6B /* Sources */ = {
			isa = PBXSourcesBuildPhase;
			buildActionMask = 2147483647;
			files = (
				191866E720F41AF700FBBA6B /* ajaita_instagram_appTests.m in Sources */,
			);
			runOnlyForDeploymentPostprocessing = 0;
		};
		191866E920F41AF700FBBA6B /* Sources */ = {
			isa = PBXSourcesBuildPhase;
			buildActionMask = 2147483647;
			files = (
				191866F220F41AF700FBBA6B /* ajaita_instagram_appUITests.m in Sources */,
			);
			runOnlyForDeploymentPostprocessing = 0;
		};
/* End PBXSourcesBuildPhase section */

/* Begin PBXTargetDependency section */
		191866E420F41AF700FBBA6B /* PBXTargetDependency */ = {
			isa = PBXTargetDependency;
			target = 191866C920F41AF600FBBA6B /* ajaita-instagram-app */;
			targetProxy = 191866E320F41AF700FBBA6B /* PBXContainerItemProxy */;
		};
		191866EF20F41AF700FBBA6B /* PBXTargetDependency */ = {
			isa = PBXTargetDependency;
			target = 191866C920F41AF600FBBA6B /* ajaita-instagram-app */;
			targetProxy = 191866EE20F41AF700FBBA6B /* PBXContainerItemProxy */;
		};
/* End PBXTargetDependency section */

/* Begin PBXVariantGroup section */
		191866D320F41AF600FBBA6B /* Main.storyboard */ = {
			isa = PBXVariantGroup;
			children = (
				191866D420F41AF600FBBA6B /* Base */,
			);
			name = Main.storyboard;
			sourceTree = "<group>";
		};
		191866D820F41AF700FBBA6B /* LaunchScreen.storyboard */ = {
			isa = PBXVariantGroup;
			children = (
				191866D920F41AF700FBBA6B /* Base */,
			);
			name = LaunchScreen.storyboard;
			sourceTree = "<group>";
		};
/* End PBXVariantGroup section */

/* Begin XCBuildConfiguration section */
		191866F420F41AF700FBBA6B /* Debug */ = {
			isa = XCBuildConfiguration;
			buildSettings = {
				ALWAYS_SEARCH_USER_PATHS = NO;
				CLANG_ANALYZER_NONNULL = YES;
				CLANG_ANALYZER_NUMBER_OBJECT_CONVERSION = YES_AGGRESSIVE;
				CLANG_CXX_LANGUAGE_STANDARD = "gnu++14";
				CLANG_CXX_LIBRARY = "libc++";
				CLANG_ENABLE_MODULES = YES;
				CLANG_ENABLE_OBJC_ARC = YES;
				CLANG_ENABLE_OBJC_WEAK = YES;
				CLANG_WARN_BLOCK_CAPTURE_AUTORELEASING = YES;
				CLANG_WARN_BOOL_CONVERSION = YES;
				CLANG_WARN_COMMA = YES;
				CLANG_WARN_CONSTANT_CONVERSION = YES;
				CLANG_WARN_DEPRECATED_OBJC_IMPLEMENTATIONS = YES;
				CLANG_WARN_DIRECT_OBJC_ISA_USAGE = YES_ERROR;
				CLANG_WARN_DOCUMENTATION_COMMENTS = YES;
				CLANG_WARN_EMPTY_BODY = YES;
				CLANG_WARN_ENUM_CONVERSION = YES;
				CLANG_WARN_INFINITE_RECURSION = YES;
				CLANG_WARN_INT_CONVERSION = YES;
				CLANG_WARN_NON_LITERAL_NULL_CONVERSION = YES;
				CLANG_WARN_OBJC_IMPLICIT_RETAIN_SELF = YES;
				CLANG_WARN_OBJC_LITERAL_CONVERSION = YES;
				CLANG_WARN_OBJC_ROOT_CLASS = YES_ERROR;
				CLANG_WARN_RANGE_LOOP_ANALYSIS = YES;
				CLANG_WARN_STRICT_PROTOTYPES = YES;
				CLANG_WARN_SUSPICIOUS_MOVE = YES;
				CLANG_WARN_UNGUARDED_AVAILABILITY = YES_AGGRESSIVE;
				CLANG_WARN_UNREACHABLE_CODE = YES;
				CLANG_WARN__DUPLICATE_METHOD_MATCH = YES;
				CODE_SIGN_IDENTITY = "iPhone Developer";
				COPY_PHASE_STRIP = NO;
				DEBUG_INFORMATION_FORMAT = dwarf;
				ENABLE_STRICT_OBJC_MSGSEND = YES;
				ENABLE_TESTABILITY = YES;
				GCC_C_LANGUAGE_STANDARD = gnu11;
				GCC_DYNAMIC_NO_PIC = NO;
				GCC_NO_COMMON_BLOCKS = YES;
				GCC_OPTIMIZATION_LEVEL = 0;
				GCC_PREPROCESSOR_DEFINITIONS = (
					"DEBUG=1",
					"$(inherited)",
				);
				GCC_WARN_64_TO_32_BIT_CONVERSION = YES;
				GCC_WARN_ABOUT_RETURN_TYPE = YES_ERROR;
				GCC_WARN_UNDECLARED_SELECTOR = YES;
				GCC_WARN_UNINITIALIZED_AUTOS = YES_AGGRESSIVE;
				GCC_WARN_UNUSED_FUNCTION = YES;
				GCC_WARN_UNUSED_VARIABLE = YES;
				IPHONEOS_DEPLOYMENT_TARGET = 11.4;
				MTL_ENABLE_DEBUG_INFO = YES;
				ONLY_ACTIVE_ARCH = YES;
				SDKROOT = iphoneos;
			};
			name = Debug;
		};
		191866F520F41AF700FBBA6B /* Release */ = {
			isa = XCBuildConfiguration;
			buildSettings = {
				ALWAYS_SEARCH_USER_PATHS = NO;
				CLANG_ANALYZER_NONNULL = YES;
				CLANG_ANALYZER_NUMBER_OBJECT_CONVERSION = YES_AGGRESSIVE;
				CLANG_CXX_LANGUAGE_STANDARD = "gnu++14";
				CLANG_CXX_LIBRARY = "libc++";
				CLANG_ENABLE_MODULES = YES;
				CLANG_ENABLE_OBJC_ARC = YES;
				CLANG_ENABLE_OBJC_WEAK = YES;
				CLANG_WARN_BLOCK_CAPTURE_AUTORELEASING = YES;
				CLANG_WARN_BOOL_CONVERSION = YES;
				CLANG_WARN_COMMA = YES;
				CLANG_WARN_CONSTANT_CONVERSION = YES;
				CLANG_WARN_DEPRECATED_OBJC_IMPLEMENTATIONS = YES;
				CLANG_WARN_DIRECT_OBJC_ISA_USAGE = YES_ERROR;
				CLANG_WARN_DOCUMENTATION_COMMENTS = YES;
				CLANG_WARN_EMPTY_BODY = YES;
				CLANG_WARN_ENUM_CONVERSION = YES;
				CLANG_WARN_INFINITE_RECURSION = YES;
				CLANG_WARN_INT_CONVERSION = YES;
				CLANG_WARN_NON_LITERAL_NULL_CONVERSION = YES;
				CLANG_WARN_OBJC_IMPLICIT_RETAIN_SELF = YES;
				CLANG_WARN_OBJC_LITERAL_CONVERSION = YES;
				CLANG_WARN_OBJC_ROOT_CLASS = YES_ERROR;
				CLANG_WARN_RANGE_LOOP_ANALYSIS = YES;
				CLANG_WARN_STRICT_PROTOTYPES = YES;
				CLANG_WARN_SUSPICIOUS_MOVE = YES;
				CLANG_WARN_UNGUARDED_AVAILABILITY = YES_AGGRESSIVE;
				CLANG_WARN_UNREACHABLE_CODE = YES;
				CLANG_WARN__DUPLICATE_METHOD_MATCH = YES;
				CODE_SIGN_IDENTITY = "iPhone Developer";
				COPY_PHASE_STRIP = NO;
				DEBUG_INFORMATION_FORMAT = "dwarf-with-dsym";
				ENABLE_NS_ASSERTIONS = NO;
				ENABLE_STRICT_OBJC_MSGSEND = YES;
				GCC_C_LANGUAGE_STANDARD = gnu11;
				GCC_NO_COMMON_BLOCKS = YES;
				GCC_WARN_64_TO_32_BIT_CONVERSION = YES;
				GCC_WARN_ABOUT_RETURN_TYPE = YES_ERROR;
				GCC_WARN_UNDECLARED_SELECTOR = YES;
				GCC_WARN_UNINITIALIZED_AUTOS = YES_AGGRESSIVE;
				GCC_WARN_UNUSED_FUNCTION = YES;
				GCC_WARN_UNUSED_VARIABLE = YES;
				IPHONEOS_DEPLOYMENT_TARGET = 11.4;
				MTL_ENABLE_DEBUG_INFO = NO;
				SDKROOT = iphoneos;
				VALIDATE_PRODUCT = YES;
			};
			name = Release;
		};
		191866F720F41AF700FBBA6B /* Debug */ = {
			isa = XCBuildConfiguration;
			baseConfigurationReference = AE3E2946E67B071CA9D46041 /* Pods-ajaita-instagram-app.debug.xcconfig */;
			buildSettings = {
				ASSETCATALOG_COMPILER_APPICON_NAME = AppIcon;
				CODE_SIGN_STYLE = Automatic;
				DEVELOPMENT_TEAM = AHZV25Q2LU;
				INFOPLIST_FILE = "ajaita-instagram-app/Info.plist";
				LD_RUNPATH_SEARCH_PATHS = (
					"$(inherited)",
					"@executable_path/Frameworks",
				);
				PRODUCT_BUNDLE_IDENTIFIER = "com.codepath.ajaita-instagram-app";
				PRODUCT_NAME = "$(TARGET_NAME)";
				TARGETED_DEVICE_FAMILY = "1,2";
			};
			name = Debug;
		};
		191866F820F41AF700FBBA6B /* Release */ = {
			isa = XCBuildConfiguration;
			baseConfigurationReference = EDF682622C9922542E1D3FB8 /* Pods-ajaita-instagram-app.release.xcconfig */;
			buildSettings = {
				ASSETCATALOG_COMPILER_APPICON_NAME = AppIcon;
				CODE_SIGN_STYLE = Automatic;
				DEVELOPMENT_TEAM = AHZV25Q2LU;
				INFOPLIST_FILE = "ajaita-instagram-app/Info.plist";
				LD_RUNPATH_SEARCH_PATHS = (
					"$(inherited)",
					"@executable_path/Frameworks",
				);
				PRODUCT_BUNDLE_IDENTIFIER = "com.codepath.ajaita-instagram-app";
				PRODUCT_NAME = "$(TARGET_NAME)";
				TARGETED_DEVICE_FAMILY = "1,2";
			};
			name = Release;
		};
		191866FA20F41AF700FBBA6B /* Debug */ = {
			isa = XCBuildConfiguration;
			baseConfigurationReference = C63B69A6E1BADE5EF8F69E0C /* Pods-ajaita-instagram-appTests.debug.xcconfig */;
			buildSettings = {
				BUNDLE_LOADER = "$(TEST_HOST)";
				CODE_SIGN_STYLE = Automatic;
				INFOPLIST_FILE = "ajaita-instagram-appTests/Info.plist";
				LD_RUNPATH_SEARCH_PATHS = (
					"$(inherited)",
					"@executable_path/Frameworks",
					"@loader_path/Frameworks",
				);
				PRODUCT_BUNDLE_IDENTIFIER = "com.codepath.ajaita-instagram-appTests";
				PRODUCT_NAME = "$(TARGET_NAME)";
				TARGETED_DEVICE_FAMILY = "1,2";
				TEST_HOST = "$(BUILT_PRODUCTS_DIR)/ajaita-instagram-app.app/ajaita-instagram-app";
			};
			name = Debug;
		};
		191866FB20F41AF700FBBA6B /* Release */ = {
			isa = XCBuildConfiguration;
			baseConfigurationReference = 546F9271A1BBD780108983E7 /* Pods-ajaita-instagram-appTests.release.xcconfig */;
			buildSettings = {
				BUNDLE_LOADER = "$(TEST_HOST)";
				CODE_SIGN_STYLE = Automatic;
				INFOPLIST_FILE = "ajaita-instagram-appTests/Info.plist";
				LD_RUNPATH_SEARCH_PATHS = (
					"$(inherited)",
					"@executable_path/Frameworks",
					"@loader_path/Frameworks",
				);
				PRODUCT_BUNDLE_IDENTIFIER = "com.codepath.ajaita-instagram-appTests";
				PRODUCT_NAME = "$(TARGET_NAME)";
				TARGETED_DEVICE_FAMILY = "1,2";
				TEST_HOST = "$(BUILT_PRODUCTS_DIR)/ajaita-instagram-app.app/ajaita-instagram-app";
			};
			name = Release;
		};
		191866FD20F41AF700FBBA6B /* Debug */ = {
			isa = XCBuildConfiguration;
			baseConfigurationReference = 8E60C011FE605D5832633F0F /* Pods-ajaita-instagram-appUITests.debug.xcconfig */;
			buildSettings = {
				CODE_SIGN_STYLE = Automatic;
				INFOPLIST_FILE = "ajaita-instagram-appUITests/Info.plist";
				LD_RUNPATH_SEARCH_PATHS = (
					"$(inherited)",
					"@executable_path/Frameworks",
					"@loader_path/Frameworks",
				);
				PRODUCT_BUNDLE_IDENTIFIER = "com.codepath.ajaita-instagram-appUITests";
				PRODUCT_NAME = "$(TARGET_NAME)";
				TARGETED_DEVICE_FAMILY = "1,2";
				TEST_TARGET_NAME = "ajaita-instagram-app";
			};
			name = Debug;
		};
		191866FE20F41AF700FBBA6B /* Release */ = {
			isa = XCBuildConfiguration;
			baseConfigurationReference = FD123E3323E6A61555D797F7 /* Pods-ajaita-instagram-appUITests.release.xcconfig */;
			buildSettings = {
				CODE_SIGN_STYLE = Automatic;
				INFOPLIST_FILE = "ajaita-instagram-appUITests/Info.plist";
				LD_RUNPATH_SEARCH_PATHS = (
					"$(inherited)",
					"@executable_path/Frameworks",
					"@loader_path/Frameworks",
				);
				PRODUCT_BUNDLE_IDENTIFIER = "com.codepath.ajaita-instagram-appUITests";
				PRODUCT_NAME = "$(TARGET_NAME)";
				TARGETED_DEVICE_FAMILY = "1,2";
				TEST_TARGET_NAME = "ajaita-instagram-app";
			};
			name = Release;
		};
/* End XCBuildConfiguration section */

/* Begin XCConfigurationList section */
		191866C520F41AF600FBBA6B /* Build configuration list for PBXProject "ajaita-instagram-app" */ = {
			isa = XCConfigurationList;
			buildConfigurations = (
				191866F420F41AF700FBBA6B /* Debug */,
				191866F520F41AF700FBBA6B /* Release */,
			);
			defaultConfigurationIsVisible = 0;
			defaultConfigurationName = Release;
		};
		191866F620F41AF700FBBA6B /* Build configuration list for PBXNativeTarget "ajaita-instagram-app" */ = {
			isa = XCConfigurationList;
			buildConfigurations = (
				191866F720F41AF700FBBA6B /* Debug */,
				191866F820F41AF700FBBA6B /* Release */,
			);
			defaultConfigurationIsVisible = 0;
			defaultConfigurationName = Release;
		};
		191866F920F41AF700FBBA6B /* Build configuration list for PBXNativeTarget "ajaita-instagram-appTests" */ = {
			isa = XCConfigurationList;
			buildConfigurations = (
				191866FA20F41AF700FBBA6B /* Debug */,
				191866FB20F41AF700FBBA6B /* Release */,
			);
			defaultConfigurationIsVisible = 0;
			defaultConfigurationName = Release;
		};
		191866FC20F41AF700FBBA6B /* Build configuration list for PBXNativeTarget "ajaita-instagram-appUITests" */ = {
			isa = XCConfigurationList;
			buildConfigurations = (
				191866FD20F41AF700FBBA6B /* Debug */,
				191866FE20F41AF700FBBA6B /* Release */,
			);
			defaultConfigurationIsVisible = 0;
			defaultConfigurationName = Release;
		};
/* End XCConfigurationList section */
	};
	rootObject = 191866C220F41AF600FBBA6B /* Project object */;
}
